
Microsoft Visual Studio Solution File, Format Version 12.00
# Visual Studio Version 17
VisualStudioVersion = 17.0.32112.339
MinimumVisualStudioVersion = 10.0.40219.1
Project("{9A19103F-16F7-4668-BE54-9A1E7A4F7556}") = "Before", "Before\Before.csproj", "{6C835B21-F375-466D-8D66-C5124B65AA8C}"
EndProject
Project("{FAE04EC0-301F-11D3-BF4B-00C04F79EFBC}") = "After", "After\After.csproj", "{BB091B6B-6AD0-499A-B5BD-3501D991DBD8}"
EndProject
Global
	GlobalSection(SolutionConfigurationPlatforms) = preSolution
		Debug|Any CPU = Debug|Any CPU
		Release|Any CPU = Release|Any CPU
	EndGlobalSection
	GlobalSection(ProjectConfigurationPlatforms) = postSolution
		{6C835B21-F375-466D-8D66-C5124B65AA8C}.Debug|Any CPU.ActiveCfg = Debug|Any CPU
		{6C835B21-F375-466D-8D66-C5124B65AA8C}.Debug|Any CPU.Build.0 = Debug|Any CPU
		{6C835B21-F375-466D-8D66-C5124B65AA8C}.Release|Any CPU.ActiveCfg = Release|Any CPU
		{6C835B21-F375-466D-8D66-C5124B65AA8C}.Release|Any CPU.Build.0 = Release|Any CPU
		{BB091B6B-6AD0-499A-B5BD-3501D991DBD8}.Debug|Any CPU.ActiveCfg = Debug|Any CPU
		{BB091B6B-6AD0-499A-B5BD-3501D991DBD8}.Debug|Any CPU.Build.0 = Debug|Any CPU
		{BB091B6B-6AD0-499A-B5BD-3501D991DBD8}.Release|Any CPU.ActiveCfg = Release|Any CPU
		{BB091B6B-6AD0-499A-B5BD-3501D991DBD8}.Release|Any CPU.Build.0 = Release|Any CPU
	EndGlobalSection
	GlobalSection(SolutionProperties) = preSolution
		HideSolutionNode = FALSE
	EndGlobalSection
	GlobalSection(ExtensibilityGlobals) = postSolution
		SolutionGuid = {9FE3DCF4-4EBE-40EF-8372-B959BD53BA99}
	EndGlobalSection
EndGlobal
